
Microsoft Visual Studio Solution File, Format Version 12.00
# Visual Studio Version 16
VisualStudioVersion = 16.0.31424.327
MinimumVisualStudioVersion = 10.0.40219.1
Project("{8BC9CEB8-8B4A-11D0-8D11-00A0C91BC942}") = "SK-Lib-cmath-pow-Bagian7__CPP", "SK-Lib-cmath-pow-Bagian7__CPP\SK-Lib-cmath-pow-Bagian7__CPP.vcxproj", "{321E5BD1-4792-47D2-B29B-9A860CC0B8D8}"
EndProject
Global
	GlobalSection(SolutionConfigurationPlatforms) = preSolution
		Debug|x64 = Debug|x64
		Debug|x86 = Debug|x86
		Release|x64 = Release|x64
		Release|x86 = Release|x86
	EndGlobalSection
	GlobalSection(ProjectConfigurationPlatforms) = postSolution
		{321E5BD1-4792-47D2-B29B-9A860CC0B8D8}.Debug|x64.ActiveCfg = Debug|x64
		{321E5BD1-4792-47D2-B29B-9A860CC0B8D8}.Debug|x64.Build.0 = Debug|x64
		{321E5BD1-4792-47D2-B29B-9A860CC0B8D8}.Debug|x86.ActiveCfg = Debug|Win32
		{321E5BD1-4792-47D2-B29B-9A860CC0B8D8}.Debug|x86.Build.0 = Debug|Win32
		{321E5BD1-4792-47D2-B29B-9A860CC0B8D8}.Release|x64.ActiveCfg = Release|x64
		{321E5BD1-4792-47D2-B29B-9A860CC0B8D8}.Release|x64.Build.0 = Release|x64
		{321E5BD1-4792-47D2-B29B-9A860CC0B8D8}.Release|x86.ActiveCfg = Release|Win32
		{321E5BD1-4792-47D2-B29B-9A860CC0B8D8}.Release|x86.Build.0 = Release|Win32
	EndGlobalSection
	GlobalSection(SolutionProperties) = preSolution
		HideSolutionNode = FALSE
	EndGlobalSection
	GlobalSection(ExtensibilityGlobals) = postSolution
		SolutionGuid = {B4FA3D67-04DE-48B9-A72D-4DC549B625A6}
	EndGlobalSection
EndGlobal
